// !$*UTF8*$!
{
	archiveVersion = 1;
	classes = {
	};
	objectVersion = 50;
	objects = {

/* Begin PBXBuildFile section */
		9F08302C255AE722005FD54D /* Array+Identifiable.swift in Sources */ = {isa = PBXBuildFile; fileRef = 9F08302B255AE722005FD54D /* Array+Identifiable.swift */; };
		9F083033255B1BF2005FD54D /* Array+Only.swift in Sources */ = {isa = PBXBuildFile; fileRef = 9F083032255B1BF2005FD54D /* Array+Only.swift */; };
		9F0E9047266C06E300F6ECBB /* UIColor+RGBA.swift in Sources */ = {isa = PBXBuildFile; fileRef = 9F0E9046266C06E300F6ECBB /* UIColor+RGBA.swift */; };
		9F0E9050266C225F00F6ECBB /* Data+utf8.swift in Sources */ = {isa = PBXBuildFile; fileRef = 9F0E904F266C225F00F6ECBB /* Data+utf8.swift */; };
		9F1C6B8D2524237200FED7D3 /* AppDelegate.swift in Sources */ = {isa = PBXBuildFile; fileRef = 9F1C6B8C2524237200FED7D3 /* AppDelegate.swift */; };
		9F1C6B8F2524237200FED7D3 /* SceneDelegate.swift in Sources */ = {isa = PBXBuildFile; fileRef = 9F1C6B8E2524237200FED7D3 /* SceneDelegate.swift */; };
		9F1C6B912524237200FED7D3 /* EmojiMemoryGameView.swift in Sources */ = {isa = PBXBuildFile; fileRef = 9F1C6B902524237200FED7D3 /* EmojiMemoryGameView.swift */; };
		9F1C6B932524237500FED7D3 /* Assets.xcassets in Resources */ = {isa = PBXBuildFile; fileRef = 9F1C6B922524237500FED7D3 /* Assets.xcassets */; };
		9F1C6B962524237500FED7D3 /* Preview Assets.xcassets in Resources */ = {isa = PBXBuildFile; fileRef = 9F1C6B952524237500FED7D3 /* Preview Assets.xcassets */; };
		9F1C6B992524237500FED7D3 /* LaunchScreen.storyboard in Resources */ = {isa = PBXBuildFile; fileRef = 9F1C6B972524237500FED7D3 /* LaunchScreen.storyboard */; };
		9F59A4EF26768F3B00C7C094 /* Symbols.swift in Sources */ = {isa = PBXBuildFile; fileRef = 9F59A4EE26768F3B00C7C094 /* Symbols.swift */; };
		9F5FA244257293CC00A8D67D /* Cardify.swift in Sources */ = {isa = PBXBuildFile; fileRef = 9F5FA243257293CC00A8D67D /* Cardify.swift */; };
		9F8FF36826771F6F0023A03F /* ThemesStarterPack.swift in Sources */ = {isa = PBXBuildFile; fileRef = 9F8FF36726771F6F0023A03F /* ThemesStarterPack.swift */; };
		9F8FF36B267722910023A03F /* ThemeChooser.swift in Sources */ = {isa = PBXBuildFile; fileRef = 9F8FF36A267722910023A03F /* ThemeChooser.swift */; };
		9F8FF36E267736070023A03F /* ThemesStore.swift in Sources */ = {isa = PBXBuildFile; fileRef = 9F8FF36D267736070023A03F /* ThemesStore.swift */; };
		9F8FF37126773CCE0023A03F /* CardView.swift in Sources */ = {isa = PBXBuildFile; fileRef = 9F8FF37026773CCE0023A03F /* CardView.swift */; };
		9FA74813252BA831003E8B8E /* EmojiiMemoryGameVM.swift in Sources */ = {isa = PBXBuildFile; fileRef = 9FA74812252BA831003E8B8E /* EmojiiMemoryGameVM.swift */; };
		9FAA2A0E2559D502005FF927 /* GridLayout.swift in Sources */ = {isa = PBXBuildFile; fileRef = 9FAA2A0D2559D502005FF927 /* GridLayout.swift */; };
		9FB1595D2555E6B800EE53D1 /* Grid.swift in Sources */ = {isa = PBXBuildFile; fileRef = 9FB1595C2555E6B800EE53D1 /* Grid.swift */; };
		9FBC7C0E255C1F9000952FDA /* ThemeOfGame.swift in Sources */ = {isa = PBXBuildFile; fileRef = 9FBC7C0D255C1F9000952FDA /* ThemeOfGame.swift */; };
		9FCA3FE2252B06A300B7F82F /* MemoryGameModel.swift in Sources */ = {isa = PBXBuildFile; fileRef = 9FCA3FE1252B06A300B7F82F /* MemoryGameModel.swift */; };
		9FFE5B742571BEF80045605E /* Pie.swift in Sources */ = {isa = PBXBuildFile; fileRef = 9FFE5B732571BEF80045605E /* Pie.swift */; };
/* End PBXBuildFile section */

/* Begin PBXFileReference section */
		9F08302B255AE722005FD54D /* Array+Identifiable.swift */ = {isa = PBXFileReference; lastKnownFileType = sourcecode.swift; path = "Array+Identifiable.swift"; sourceTree = "<group>"; };
		9F083032255B1BF2005FD54D /* Array+Only.swift */ = {isa = PBXFileReference; lastKnownFileType = sourcecode.swift; path = "Array+Only.swift"; sourceTree = "<group>"; };
		9F0E9046266C06E300F6ECBB /* UIColor+RGBA.swift */ = {isa = PBXFileReference; lastKnownFileType = sourcecode.swift; path = "UIColor+RGBA.swift"; sourceTree = "<group>"; };
		9F0E904F266C225F00F6ECBB /* Data+utf8.swift */ = {isa = PBXFileReference; lastKnownFileType = sourcecode.swift; path = "Data+utf8.swift"; sourceTree = "<group>"; };
		9F1C6B892524237200FED7D3 /* Memorize.app */ = {isa = PBXFileReference; explicitFileType = wrapper.application; includeInIndex = 0; path = Memorize.app; sourceTree = BUILT_PRODUCTS_DIR; };
		9F1C6B8C2524237200FED7D3 /* AppDelegate.swift */ = {isa = PBXFileReference; lastKnownFileType = sourcecode.swift; path = AppDelegate.swift; sourceTree = "<group>"; };
		9F1C6B8E2524237200FED7D3 /* SceneDelegate.swift */ = {isa = PBXFileReference; lastKnownFileType = sourcecode.swift; path = SceneDelegate.swift; sourceTree = "<group>"; };
		9F1C6B902524237200FED7D3 /* EmojiMemoryGameView.swift */ = {isa = PBXFileReference; lastKnownFileType = sourcecode.swift; path = EmojiMemoryGameView.swift; sourceTree = "<group>"; };
		9F1C6B922524237500FED7D3 /* Assets.xcassets */ = {isa = PBXFileReference; lastKnownFileType = folder.assetcatalog; path = Assets.xcassets; sourceTree = "<group>"; };
		9F1C6B952524237500FED7D3 /* Preview Assets.xcassets */ = {isa = PBXFileReference; lastKnownFileType = folder.assetcatalog; path = "Preview Assets.xcassets"; sourceTree = "<group>"; };
		9F1C6B982524237500FED7D3 /* Base */ = {isa = PBXFileReference; lastKnownFileType = file.storyboard; name = Base; path = Base.lproj/LaunchScreen.storyboard; sourceTree = "<group>"; };
		9F1C6B9A2524237500FED7D3 /* Info.plist */ = {isa = PBXFileReference; lastKnownFileType = text.plist.xml; path = Info.plist; sourceTree = "<group>"; };
		9F59A4EE26768F3B00C7C094 /* Symbols.swift */ = {isa = PBXFileReference; lastKnownFileType = sourcecode.swift; path = Symbols.swift; sourceTree = "<group>"; };
		9F5FA243257293CC00A8D67D /* Cardify.swift */ = {isa = PBXFileReference; lastKnownFileType = sourcecode.swift; path = Cardify.swift; sourceTree = "<group>"; };
		9F8FF36726771F6F0023A03F /* ThemesStarterPack.swift */ = {isa = PBXFileReference; lastKnownFileType = sourcecode.swift; path = ThemesStarterPack.swift; sourceTree = "<group>"; };
		9F8FF36A267722910023A03F /* ThemeChooser.swift */ = {isa = PBXFileReference; lastKnownFileType = sourcecode.swift; path = ThemeChooser.swift; sourceTree = "<group>"; };
		9F8FF36D267736070023A03F /* ThemesStore.swift */ = {isa = PBXFileReference; lastKnownFileType = sourcecode.swift; path = ThemesStore.swift; sourceTree = "<group>"; };
		9F8FF37026773CCE0023A03F /* CardView.swift */ = {isa = PBXFileReference; lastKnownFileType = sourcecode.swift; path = CardView.swift; sourceTree = "<group>"; };
		9FA74812252BA831003E8B8E /* EmojiiMemoryGameVM.swift */ = {isa = PBXFileReference; lastKnownFileType = sourcecode.swift; path = EmojiiMemoryGameVM.swift; sourceTree = "<group>"; };
		9FAA2A0D2559D502005FF927 /* GridLayout.swift */ = {isa = PBXFileReference; fileEncoding = 4; lastKnownFileType = sourcecode.swift; path = GridLayout.swift; sourceTree = "<group>"; };
		9FB1595C2555E6B800EE53D1 /* Grid.swift */ = {isa = PBXFileReference; lastKnownFileType = sourcecode.swift; path = Grid.swift; sourceTree = "<group>"; };
		9FBC7C0D255C1F9000952FDA /* ThemeOfGame.swift */ = {isa = PBXFileReference; lastKnownFileType = sourcecode.swift; path = ThemeOfGame.swift; sourceTree = "<group>"; };
		9FC68E71266BC9F30060D949 /* Memorize Design Sketches.sketch */ = {isa = PBXFileReference; lastKnownFileType = file; path = "Memorize Design Sketches.sketch"; sourceTree = SOURCE_ROOT; };
		9FCA3FE1252B06A300B7F82F /* MemoryGameModel.swift */ = {isa = PBXFileReference; lastKnownFileType = sourcecode.swift; path = MemoryGameModel.swift; sourceTree = "<group>"; };
		9FFE5B732571BEF80045605E /* Pie.swift */ = {isa = PBXFileReference; lastKnownFileType = sourcecode.swift; path = Pie.swift; sourceTree = "<group>"; };
/* End PBXFileReference section */

/* Begin PBXFrameworksBuildPhase section */
		9F1C6B862524237200FED7D3 /* Frameworks */ = {
			isa = PBXFrameworksBuildPhase;
			buildActionMask = 2147483647;
			files = (
			);
			runOnlyForDeploymentPostprocessing = 0;
		};
/* End PBXFrameworksBuildPhase section */

/* Begin PBXGroup section */
		9F1C6B802524237200FED7D3 = {
			isa = PBXGroup;
			children = (
				9F1C6B8B2524237200FED7D3 /* Memorize */,
				9F1C6B8A2524237200FED7D3 /* Products */,
			);
			sourceTree = "<group>";
		};
		9F1C6B8A2524237200FED7D3 /* Products */ = {
			isa = PBXGroup;
			children = (
				9F1C6B892524237200FED7D3 /* Memorize.app */,
			);
			name = Products;
			sourceTree = "<group>";
		};
		9F1C6B8B2524237200FED7D3 /* Memorize */ = {
			isa = PBXGroup;
			children = (
				9F1C6B8C2524237200FED7D3 /* AppDelegate.swift */,
				9F1C6B8E2524237200FED7D3 /* SceneDelegate.swift */,
				9FCA3FE1252B06A300B7F82F /* MemoryGameModel.swift */,
				9F59A4EE26768F3B00C7C094 /* Symbols.swift */,
				9FA74812252BA831003E8B8E /* EmojiiMemoryGameVM.swift */,
				9F1C6B902524237200FED7D3 /* EmojiMemoryGameView.swift */,
				9F8FF37026773CCE0023A03F /* CardView.swift */,
				9F8FF36526771C100023A03F /* Theme */,
				9F0E9046266C06E300F6ECBB /* UIColor+RGBA.swift */,
				9F0E904F266C225F00F6ECBB /* Data+utf8.swift */,
				9F5FA243257293CC00A8D67D /* Cardify.swift */,
				9FFE5B732571BEF80045605E /* Pie.swift */,
				9FB1595C2555E6B800EE53D1 /* Grid.swift */,
				9FAA2A0D2559D502005FF927 /* GridLayout.swift */,
				9F08302B255AE722005FD54D /* Array+Identifiable.swift */,
				9F083032255B1BF2005FD54D /* Array+Only.swift */,
				9F1C6B922524237500FED7D3 /* Assets.xcassets */,
				9F1C6B972524237500FED7D3 /* LaunchScreen.storyboard */,
				9F1C6B9A2524237500FED7D3 /* Info.plist */,
				9F1C6B942524237500FED7D3 /* Preview Content */,
				9FC68E71266BC9F30060D949 /* Memorize Design Sketches.sketch */,
			);
			path = Memorize;
			sourceTree = "<group>";
		};
		9F1C6B942524237500FED7D3 /* Preview Content */ = {
			isa = PBXGroup;
			children = (
				9F1C6B952524237500FED7D3 /* Preview Assets.xcassets */,
			);
			path = "Preview Content";
			sourceTree = "<group>";
		};
		9F8FF36526771C100023A03F /* Theme */ = {
			isa = PBXGroup;
			children = (
				9FBC7C0D255C1F9000952FDA /* ThemeOfGame.swift */,
				9F8FF36726771F6F0023A03F /* ThemesStarterPack.swift */,
				9F8FF36A267722910023A03F /* ThemeChooser.swift */,
				9F8FF36D267736070023A03F /* ThemesStore.swift */,
			);
			path = Theme;
			sourceTree = "<group>";
		};
/* End PBXGroup section */

/* Begin PBXNativeTarget section */
		9F1C6B882524237200FED7D3 /* Memorize */ = {
			isa = PBXNativeTarget;
			buildConfigurationList = 9F1C6B9D2524237500FED7D3 /* Build configuration list for PBXNativeTarget "Memorize" */;
			buildPhases = (
				9F1C6B852524237200FED7D3 /* Sources */,
				9F1C6B862524237200FED7D3 /* Frameworks */,
				9F1C6B872524237200FED7D3 /* Resources */,
			);
			buildRules = (
			);
			dependencies = (
			);
			name = Memorize;
			productName = Memorize;
			productReference = 9F1C6B892524237200FED7D3 /* Memorize.app */;
			productType = "com.apple.product-type.application";
		};
/* End PBXNativeTarget section */

/* Begin PBXProject section */
		9F1C6B812524237200FED7D3 /* Project object */ = {
			isa = PBXProject;
			attributes = {
				LastSwiftUpdateCheck = 1200;
				LastUpgradeCheck = 1200;
				TargetAttributes = {
					9F1C6B882524237200FED7D3 = {
						CreatedOnToolsVersion = 12.0.1;
					};
				};
			};
			buildConfigurationList = 9F1C6B842524237200FED7D3 /* Build configuration list for PBXProject "Memorize" */;
			compatibilityVersion = "Xcode 9.3";
			developmentRegion = en;
			hasScannedForEncodings = 0;
			knownRegions = (
				en,
				Base,
			);
			mainGroup = 9F1C6B802524237200FED7D3;
			productRefGroup = 9F1C6B8A2524237200FED7D3 /* Products */;
			projectDirPath = "";
			projectRoot = "";
			targets = (
				9F1C6B882524237200FED7D3 /* Memorize */,
			);
		};
/* End PBXProject section */

/* Begin PBXResourcesBuildPhase section */
		9F1C6B872524237200FED7D3 /* Resources */ = {
			isa = PBXResourcesBuildPhase;
			buildActionMask = 2147483647;
			files = (
				9F1C6B992524237500FED7D3 /* LaunchScreen.storyboard in Resources */,
				9F1C6B962524237500FED7D3 /* Preview Assets.xcassets in Resources */,
				9F1C6B932524237500FED7D3 /* Assets.xcassets in Resources */,
			);
			runOnlyForDeploymentPostprocessing = 0;
		};
/* End PBXResourcesBuildPhase section */

/* Begin PBXSourcesBuildPhase section */
		9F1C6B852524237200FED7D3 /* Sources */ = {
			isa = PBXSourcesBuildPhase;
			buildActionMask = 2147483647;
			files = (
				9F59A4EF26768F3B00C7C094 /* Symbols.swift in Sources */,
				9FCA3FE2252B06A300B7F82F /* MemoryGameModel.swift in Sources */,
				9F1C6B8D2524237200FED7D3 /* AppDelegate.swift in Sources */,
				9F1C6B8F2524237200FED7D3 /* SceneDelegate.swift in Sources */,
				9F083033255B1BF2005FD54D /* Array+Only.swift in Sources */,
				9F8FF36E267736070023A03F /* ThemesStore.swift in Sources */,
				9FA74813252BA831003E8B8E /* EmojiiMemoryGameVM.swift in Sources */,
				9F8FF37126773CCE0023A03F /* CardView.swift in Sources */,
				9FB1595D2555E6B800EE53D1 /* Grid.swift in Sources */,
				9F0E9047266C06E300F6ECBB /* UIColor+RGBA.swift in Sources */,
				9F5FA244257293CC00A8D67D /* Cardify.swift in Sources */,
				9F8FF36B267722910023A03F /* ThemeChooser.swift in Sources */,
				9FBC7C0E255C1F9000952FDA /* ThemeOfGame.swift in Sources */,
				9FAA2A0E2559D502005FF927 /* GridLayout.swift in Sources */,
				9F0E9050266C225F00F6ECBB /* Data+utf8.swift in Sources */,
				9F8FF36826771F6F0023A03F /* ThemesStarterPack.swift in Sources */,
				9FFE5B742571BEF80045605E /* Pie.swift in Sources */,
				9F08302C255AE722005FD54D /* Array+Identifiable.swift in Sources */,
				9F1C6B912524237200FED7D3 /* EmojiMemoryGameView.swift in Sources */,
			);
			runOnlyForDeploymentPostprocessing = 0;
		};
/* End PBXSourcesBuildPhase section */

/* Begin PBXVariantGroup section */
		9F1C6B972524237500FED7D3 /* LaunchScreen.storyboard */ = {
			isa = PBXVariantGroup;
			children = (
				9F1C6B982524237500FED7D3 /* Base */,
			);
			name = LaunchScreen.storyboard;
			sourceTree = "<group>";
		};
/* End PBXVariantGroup section */

/* Begin XCBuildConfiguration section */
		9F1C6B9B2524237500FED7D3 /* Debug */ = {
			isa = XCBuildConfiguration;
			buildSettings = {
				ALWAYS_SEARCH_USER_PATHS = NO;
				CLANG_ANALYZER_NONNULL = YES;
				CLANG_ANALYZER_NUMBER_OBJECT_CONVERSION = YES_AGGRESSIVE;
				CLANG_CXX_LANGUAGE_STANDARD = "gnu++14";
				CLANG_CXX_LIBRARY = "libc++";
				CLANG_ENABLE_MODULES = YES;
				CLANG_ENABLE_OBJC_ARC = YES;
				CLANG_ENABLE_OBJC_WEAK = YES;
				CLANG_WARN_BLOCK_CAPTURE_AUTORELEASING = YES;
				CLANG_WARN_BOOL_CONVERSION = YES;
				CLANG_WARN_COMMA = YES;
				CLANG_WARN_CONSTANT_CONVERSION = YES;
				CLANG_WARN_DEPRECATED_OBJC_IMPLEMENTATIONS = YES;
				CLANG_WARN_DIRECT_OBJC_ISA_USAGE = YES_ERROR;
				CLANG_WARN_DOCUMENTATION_COMMENTS = YES;
				CLANG_WARN_EMPTY_BODY = YES;
				CLANG_WARN_ENUM_CONVERSION = YES;
				CLANG_WARN_INFINITE_RECURSION = YES;
				CLANG_WARN_INT_CONVERSION = YES;
				CLANG_WARN_NON_LITERAL_NULL_CONVERSION = YES;
				CLANG_WARN_OBJC_IMPLICIT_RETAIN_SELF = YES;
				CLANG_WARN_OBJC_LITERAL_CONVERSION = YES;
				CLANG_WARN_OBJC_ROOT_CLASS = YES_ERROR;
				CLANG_WARN_QUOTED_INCLUDE_IN_FRAMEWORK_HEADER = YES;
				CLANG_WARN_RANGE_LOOP_ANALYSIS = YES;
				CLANG_WARN_STRICT_PROTOTYPES = YES;
				CLANG_WARN_SUSPICIOUS_MOVE = YES;
				CLANG_WARN_UNGUARDED_AVAILABILITY = YES_AGGRESSIVE;
				CLANG_WARN_UNREACHABLE_CODE = YES;
				CLANG_WARN__DUPLICATE_METHOD_MATCH = YES;
				COPY_PHASE_STRIP = NO;
				DEBUG_INFORMATION_FORMAT = dwarf;
				ENABLE_STRICT_OBJC_MSGSEND = YES;
				ENABLE_TESTABILITY = YES;
				GCC_C_LANGUAGE_STANDARD = gnu11;
				GCC_DYNAMIC_NO_PIC = NO;
				GCC_NO_COMMON_BLOCKS = YES;
				GCC_OPTIMIZATION_LEVEL = 0;
				GCC_PREPROCESSOR_DEFINITIONS = (
					"DEBUG=1",
					"$(inherited)",
				);
				GCC_WARN_64_TO_32_BIT_CONVERSION = YES;
				GCC_WARN_ABOUT_RETURN_TYPE = YES_ERROR;
				GCC_WARN_UNDECLARED_SELECTOR = YES;
				GCC_WARN_UNINITIALIZED_AUTOS = YES_AGGRESSIVE;
				GCC_WARN_UNUSED_FUNCTION = YES;
				GCC_WARN_UNUSED_VARIABLE = YES;
				IPHONEOS_DEPLOYMENT_TARGET = 14.0;
				MTL_ENABLE_DEBUG_INFO = INCLUDE_SOURCE;
				MTL_FAST_MATH = YES;
				ONLY_ACTIVE_ARCH = YES;
				SDKROOT = iphoneos;
				SWIFT_ACTIVE_COMPILATION_CONDITIONS = DEBUG;
				SWIFT_OPTIMIZATION_LEVEL = "-Onone";
			};
			name = Debug;
		};
		9F1C6B9C2524237500FED7D3 /* Release */ = {
			isa = XCBuildConfiguration;
			buildSettings = {
				ALWAYS_SEARCH_USER_PATHS = NO;
				CLANG_ANALYZER_NONNULL = YES;
				CLANG_ANALYZER_NUMBER_OBJECT_CONVERSION = YES_AGGRESSIVE;
				CLANG_CXX_LANGUAGE_STANDARD = "gnu++14";
				CLANG_CXX_LIBRARY = "libc++";
				CLANG_ENABLE_MODULES = YES;
				CLANG_ENABLE_OBJC_ARC = YES;
				CLANG_ENABLE_OBJC_WEAK = YES;
				CLANG_WARN_BLOCK_CAPTURE_AUTORELEASING = YES;
				CLANG_WARN_BOOL_CONVERSION = YES;
				CLANG_WARN_COMMA = YES;
				CLANG_WARN_CONSTANT_CONVERSION = YES;
				CLANG_WARN_DEPRECATED_OBJC_IMPLEMENTATIONS = YES;
				CLANG_WARN_DIRECT_OBJC_ISA_USAGE = YES_ERROR;
				CLANG_WARN_DOCUMENTATION_COMMENTS = YES;
				CLANG_WARN_EMPTY_BODY = YES;
				CLANG_WARN_ENUM_CONVERSION = YES;
				CLANG_WARN_INFINITE_RECURSION = YES;
				CLANG_WARN_INT_CONVERSION = YES;
				CLANG_WARN_NON_LITERAL_NULL_CONVERSION = YES;
				CLANG_WARN_OBJC_IMPLICIT_RETAIN_SELF = YES;
				CLANG_WARN_OBJC_LITERAL_CONVERSION = YES;
				CLANG_WARN_OBJC_ROOT_CLASS = YES_ERROR;
				CLANG_WARN_QUOTED_INCLUDE_IN_FRAMEWORK_HEADER = YES;
				CLANG_WARN_RANGE_LOOP_ANALYSIS = YES;
				CLANG_WARN_STRICT_PROTOTYPES = YES;
				CLANG_WARN_SUSPICIOUS_MOVE = YES;
				CLANG_WARN_UNGUARDED_AVAILABILITY = YES_AGGRESSIVE;
				CLANG_WARN_UNREACHABLE_CODE = YES;
				CLANG_WARN__DUPLICATE_METHOD_MATCH = YES;
				COPY_PHASE_STRIP = NO;
				DEBUG_INFORMATION_FORMAT = "dwarf-with-dsym";
				ENABLE_NS_ASSERTIONS = NO;
				ENABLE_STRICT_OBJC_MSGSEND = YES;
				GCC_C_LANGUAGE_STANDARD = gnu11;
				GCC_NO_COMMON_BLOCKS = YES;
				GCC_WARN_64_TO_32_BIT_CONVERSION = YES;
				GCC_WARN_ABOUT_RETURN_TYPE = YES_ERROR;
				GCC_WARN_UNDECLARED_SELECTOR = YES;
				GCC_WARN_UNINITIALIZED_AUTOS = YES_AGGRESSIVE;
				GCC_WARN_UNUSED_FUNCTION = YES;
				GCC_WARN_UNUSED_VARIABLE = YES;
				IPHONEOS_DEPLOYMENT_TARGET = 14.0;
				MTL_ENABLE_DEBUG_INFO = NO;
				MTL_FAST_MATH = YES;
				SDKROOT = iphoneos;
				SWIFT_COMPILATION_MODE = wholemodule;
				SWIFT_OPTIMIZATION_LEVEL = "-O";
				VALIDATE_PRODUCT = YES;
			};
			name = Release;
		};
		9F1C6B9E2524237500FED7D3 /* Debug */ = {
			isa = XCBuildConfiguration;
			buildSettings = {
				ASSETCATALOG_COMPILER_APPICON_NAME = AppIcon;
				ASSETCATALOG_COMPILER_GLOBAL_ACCENT_COLOR_NAME = AccentColor;
				CODE_SIGN_STYLE = Automatic;
				DEVELOPMENT_ASSET_PATHS = "\"Memorize/Preview Content\"";
				DEVELOPMENT_TEAM = Z48CPP88QJ;
				ENABLE_PREVIEWS = YES;
				INFOPLIST_FILE = Memorize/Info.plist;
				LD_RUNPATH_SEARCH_PATHS = (
					"$(inherited)",
					"@executable_path/Frameworks",
				);
				PRODUCT_BUNDLE_IDENTIFIER = Fedor.Boretskiy.Memorize;
				PRODUCT_NAME = "$(TARGET_NAME)";
				SWIFT_VERSION = 5.0;
				TARGETED_DEVICE_FAMILY = "1,2";
			};
			name = Debug;
		};
		9F1C6B9F2524237500FED7D3 /* Release */ = {
			isa = XCBuildConfiguration;
			buildSettings = {
				ASSETCATALOG_COMPILER_APPICON_NAME = AppIcon;
				ASSETCATALOG_COMPILER_GLOBAL_ACCENT_COLOR_NAME = AccentColor;
				CODE_SIGN_STYLE = Automatic;
				DEVELOPMENT_ASSET_PATHS = "\"Memorize/Preview Content\"";
				DEVELOPMENT_TEAM = Z48CPP88QJ;
				ENABLE_PREVIEWS = YES;
				INFOPLIST_FILE = Memorize/Info.plist;
				LD_RUNPATH_SEARCH_PATHS = (
					"$(inherited)",
					"@executable_path/Frameworks",
				);
				PRODUCT_BUNDLE_IDENTIFIER = Fedor.Boretskiy.Memorize;
				PRODUCT_NAME = "$(TARGET_NAME)";
				SWIFT_VERSION = 5.0;
				TARGETED_DEVICE_FAMILY = "1,2";
			};
			name = Release;
		};
/* End XCBuildConfiguration section */

/* Begin XCConfigurationList section */
		9F1C6B842524237200FED7D3 /* Build configuration list for PBXProject "Memorize" */ = {
			isa = XCConfigurationList;
			buildConfigurations = (
				9F1C6B9B2524237500FED7D3 /* Debug */,
				9F1C6B9C2524237500FED7D3 /* Release */,
			);
			defaultConfigurationIsVisible = 0;
			defaultConfigurationName = Release;
		};
		9F1C6B9D2524237500FED7D3 /* Build configuration list for PBXNativeTarget "Memorize" */ = {
			isa = XCConfigurationList;
			buildConfigurations = (
				9F1C6B9E2524237500FED7D3 /* Debug */,
				9F1C6B9F2524237500FED7D3 /* Release */,
			);
			defaultConfigurationIsVisible = 0;
			defaultConfigurationName = Release;
		};
/* End XCConfigurationList section */
	};
	rootObject = 9F1C6B812524237200FED7D3 /* Project object */;
}
